
Microsoft Visual Studio Solution File, Format Version 12.00
# Visual Studio Version 17
VisualStudioVersion = 17.2.32516.85
MinimumVisualStudioVersion = 10.0.40219.1
Project("{FAE04EC0-301F-11D3-BF4B-00C04F79EFBC}") = "P2Dengue", "P2Dengue\P2Dengue.csproj", "{6AB73D00-3A2A-4666-A93F-191DB6154C00}"
EndProject
Project("{FAE04EC0-301F-11D3-BF4B-00C04F79EFBC}") = "Models", "Models\Models.csproj", "{0C6B5693-4415-47BD-850D-135D17D97250}"
EndProject
Global
	GlobalSection(SolutionConfigurationPlatforms) = preSolution
		Debug|Any CPU = Debug|Any CPU
		Release|Any CPU = Release|Any CPU
	EndGlobalSection
	GlobalSection(ProjectConfigurationPlatforms) = postSolution
		{6AB73D00-3A2A-4666-A93F-191DB6154C00}.Debug|Any CPU.ActiveCfg = Debug|Any CPU
		{6AB73D00-3A2A-4666-A93F-191DB6154C00}.Debug|Any CPU.Build.0 = Debug|Any CPU
		{6AB73D00-3A2A-4666-A93F-191DB6154C00}.Release|Any CPU.ActiveCfg = Release|Any CPU
		{6AB73D00-3A2A-4666-A93F-191DB6154C00}.Release|Any CPU.Build.0 = Release|Any CPU
		{0C6B5693-4415-47BD-850D-135D17D97250}.Debug|Any CPU.ActiveCfg = Debug|Any CPU
		{0C6B5693-4415-47BD-850D-135D17D97250}.Debug|Any CPU.Build.0 = Debug|Any CPU
		{0C6B5693-4415-47BD-850D-135D17D97250}.Release|Any CPU.ActiveCfg = Release|Any CPU
		{0C6B5693-4415-47BD-850D-135D17D97250}.Release|Any CPU.Build.0 = Release|Any CPU
	EndGlobalSection
	GlobalSection(SolutionProperties) = preSolution
		HideSolutionNode = FALSE
	EndGlobalSection
	GlobalSection(ExtensibilityGlobals) = postSolution
		SolutionGuid = {BD25707A-8E31-4BE1-9666-884DFEF85B3F}
	EndGlobalSection
EndGlobal
